
Microsoft Visual Studio Solution File, Format Version 12.00
# Visual Studio 15
VisualStudioVersion = 15.0.28307.168
MinimumVisualStudioVersion = 10.0.40219.1
Project("{FAE04EC0-301F-11D3-BF4B-00C04F79EFBC}") = "ViewModelSupport", "ViewModelSupport\ViewModelSupport.csproj", "{E9877B6F-053F-4D7F-8726-2E2E11796DD1}"
EndProject
Project("{FAE04EC0-301F-11D3-BF4B-00C04F79EFBC}") = "ViewModelSupportTests", "ViewModelSupportTests\ViewModelSupportTests.csproj", "{4B675438-724E-4EA6-96F4-AEEE4CAB5CE8}"
EndProject
Global
	GlobalSection(SolutionConfigurationPlatforms) = preSolution
		Debug|Any CPU = Debug|Any CPU
		Release|Any CPU = Release|Any CPU
	EndGlobalSection
	GlobalSection(ProjectConfigurationPlatforms) = postSolution
		{E9877B6F-053F-4D7F-8726-2E2E11796DD1}.Debug|Any CPU.ActiveCfg = Debug|Any CPU
		{E9877B6F-053F-4D7F-8726-2E2E11796DD1}.Debug|Any CPU.Build.0 = Debug|Any CPU
		{E9877B6F-053F-4D7F-8726-2E2E11796DD1}.Release|Any CPU.ActiveCfg = Release|Any CPU
		{E9877B6F-053F-4D7F-8726-2E2E11796DD1}.Release|Any CPU.Build.0 = Release|Any CPU
		{4B675438-724E-4EA6-96F4-AEEE4CAB5CE8}.Debug|Any CPU.ActiveCfg = Debug|Any CPU
		{4B675438-724E-4EA6-96F4-AEEE4CAB5CE8}.Debug|Any CPU.Build.0 = Debug|Any CPU
		{4B675438-724E-4EA6-96F4-AEEE4CAB5CE8}.Release|Any CPU.ActiveCfg = Release|Any CPU
		{4B675438-724E-4EA6-96F4-AEEE4CAB5CE8}.Release|Any CPU.Build.0 = Release|Any CPU
	EndGlobalSection
	GlobalSection(SolutionProperties) = preSolution
		HideSolutionNode = FALSE
	EndGlobalSection
	GlobalSection(ExtensibilityGlobals) = postSolution
		SolutionGuid = {46D8138D-7B3A-4D88-A6F1-E63FB9453081}
	EndGlobalSection
EndGlobal
